# THIS IS AN AUTOGENERATED FILE. DO NOT EDIT THIS FILE DIRECTLY.
# yarn lockfile v1


"@hotwired/stimulus@>= 3.0":
  version "3.1.0"
  resolved "https://registry.yarnpkg.com/@hotwired/stimulus/-/stimulus-3.1.0.tgz#20215251e5afe6e0a3787285181ba1bfc9097df0"
  integrity sha512-iDMHUhiEJ1xFeicyHcZQQgBzhtk5mPR0QZO3L6wtqzMsJEk2TKECuCQTGKjm+KJTHVY0dKq1dOOAWvODjpd2Mg==

"@rails/actioncable@>= 6.0":
  version "7.0.4"
  resolved "https://registry.yarnpkg.com/@rails/actioncable/-/actioncable-7.0.4.tgz#70a3ca56809f7aaabb80af2f9c01ae51e1a8ed41"
  integrity sha512-tz4oM+Zn9CYsvtyicsa/AwzKZKL+ITHWkhiu7x+xF77clh2b4Rm+s6xnOgY/sGDWoFWZmtKsE95hxBPkgQQNnQ==

"cable_ready@>= 5.0.0-pre9":
  version "5.0.0-pre9"
  resolved "https://registry.yarnpkg.com/cable_ready/-/cable_ready-5.0.0-pre9.tgz#9c082b796f7b7add7965ce637a8d8717726be5ab"
  integrity sha512-m7XggG+LRPFLsbH78G603F3AAYpkv+VfGCouN6RrP20Mgz9H0+xr7v2DN2F1CeJBBAliYPKcAt/48uTGjSrBaA==
  dependencies:
    morphdom "^2.6.1"

morphdom@^2.6.1:
  version "2.6.1"
  resolved "https://registry.yarnpkg.com/morphdom/-/morphdom-2.6.1.tgz#e868e24f989fa3183004b159aed643e628b4306e"
  integrity sha512-Y8YRbAEP3eKykroIBWrjcfMw7mmwJfjhqdpSvoqinu8Y702nAwikpXcNFDiIkyvfCLxLM9Wu95RZqo4a9jFBaA==

stimulus_reflex@3.5.0-pre9:
  version "3.5.0-pre9"
  resolved "https://registry.yarnpkg.com/stimulus_reflex/-/stimulus_reflex-3.5.0-pre9.tgz#e99eaf11e9e7476df10cd8f5c557d368f54446b3"
  integrity sha512-ZhGUuJaKaWhHU5eGnZQ3pgnv0/pJ4dtNABDtMZRAHNm3ngsHY5dpR/H801a1ozD6J5rpadONvhhBcPjPY/x6NQ==
  dependencies:
    "@hotwired/stimulus" ">= 3.0"
    "@rails/actioncable" ">= 6.0"
    cable_ready ">= 5.0.0-pre9"
